
Microsoft Visual Studio Solution File, Format Version 12.00
# Visual Studio Version 16
VisualStudioVersion = 16.0.31025.218
MinimumVisualStudioVersion = 10.0.40219.1
Project("{FAE04EC0-301F-11D3-BF4B-00C04F79EFBC}") = "PNC_dotnet472", "PNC_dotnet472.csproj", "{9F296994-B13F-46BE-9F97-A2A6A6E3ABB6}"
EndProject
Project("{9A19103F-16F7-4668-BE54-9A1E7A4F7556}") = "TestProject1", "..\TestProject1\TestProject1.csproj", "{3F03A10C-BCE4-41BF-B224-11B7E004CBBA}"
EndProject
Global
	GlobalSection(SolutionConfigurationPlatforms) = preSolution
		Debug|Any CPU = Debug|Any CPU
		Debug|x64 = Debug|x64
		Debug|x86 = Debug|x86
		Release|Any CPU = Release|Any CPU
		Release|x64 = Release|x64
		Release|x86 = Release|x86
	EndGlobalSection
	GlobalSection(ProjectConfigurationPlatforms) = postSolution
		{9F296994-B13F-46BE-9F97-A2A6A6E3ABB6}.Debug|Any CPU.ActiveCfg = Debug|Any CPU
		{9F296994-B13F-46BE-9F97-A2A6A6E3ABB6}.Debug|Any CPU.Build.0 = Debug|Any CPU
		{9F296994-B13F-46BE-9F97-A2A6A6E3ABB6}.Debug|x64.ActiveCfg = Debug|x64
		{9F296994-B13F-46BE-9F97-A2A6A6E3ABB6}.Debug|x64.Build.0 = Debug|x64
		{9F296994-B13F-46BE-9F97-A2A6A6E3ABB6}.Debug|x86.ActiveCfg = Debug|x86
		{9F296994-B13F-46BE-9F97-A2A6A6E3ABB6}.Debug|x86.Build.0 = Debug|x86
		{9F296994-B13F-46BE-9F97-A2A6A6E3ABB6}.Release|Any CPU.ActiveCfg = Release|Any CPU
		{9F296994-B13F-46BE-9F97-A2A6A6E3ABB6}.Release|Any CPU.Build.0 = Release|Any CPU
		{9F296994-B13F-46BE-9F97-A2A6A6E3ABB6}.Release|x64.ActiveCfg = Release|x64
		{9F296994-B13F-46BE-9F97-A2A6A6E3ABB6}.Release|x64.Build.0 = Release|x64
		{9F296994-B13F-46BE-9F97-A2A6A6E3ABB6}.Release|x86.ActiveCfg = Release|x86
		{9F296994-B13F-46BE-9F97-A2A6A6E3ABB6}.Release|x86.Build.0 = Release|x86
		{3F03A10C-BCE4-41BF-B224-11B7E004CBBA}.Debug|Any CPU.ActiveCfg = Debug|Any CPU
		{3F03A10C-BCE4-41BF-B224-11B7E004CBBA}.Debug|Any CPU.Build.0 = Debug|Any CPU
		{3F03A10C-BCE4-41BF-B224-11B7E004CBBA}.Debug|x64.ActiveCfg = Debug|x64
		{3F03A10C-BCE4-41BF-B224-11B7E004CBBA}.Debug|x64.Build.0 = Debug|x64
		{3F03A10C-BCE4-41BF-B224-11B7E004CBBA}.Debug|x86.ActiveCfg = Debug|x86
		{3F03A10C-BCE4-41BF-B224-11B7E004CBBA}.Debug|x86.Build.0 = Debug|x86
		{3F03A10C-BCE4-41BF-B224-11B7E004CBBA}.Release|Any CPU.ActiveCfg = Release|Any CPU
		{3F03A10C-BCE4-41BF-B224-11B7E004CBBA}.Release|Any CPU.Build.0 = Release|Any CPU
		{3F03A10C-BCE4-41BF-B224-11B7E004CBBA}.Release|x64.ActiveCfg = Release|x64
		{3F03A10C-BCE4-41BF-B224-11B7E004CBBA}.Release|x64.Build.0 = Release|x64
		{3F03A10C-BCE4-41BF-B224-11B7E004CBBA}.Release|x86.ActiveCfg = Release|x86
		{3F03A10C-BCE4-41BF-B224-11B7E004CBBA}.Release|x86.Build.0 = Release|x86
	EndGlobalSection
	GlobalSection(SolutionProperties) = preSolution
		HideSolutionNode = FALSE
	EndGlobalSection
	GlobalSection(ExtensibilityGlobals) = postSolution
		SolutionGuid = {9385CD19-9FBD-4245-B746-7F675ADB3599}
	EndGlobalSection
EndGlobal
